
Microsoft Visual Studio Solution File, Format Version 12.00
# Visual Studio Version 17
VisualStudioVersion = 17.3.32901.215
MinimumVisualStudioVersion = 10.0.40219.1
Project("{FAE04EC0-301F-11D3-BF4B-00C04F79EFBC}") = "Track bar basit ornek", "Track bar basit ornek\Track bar basit ornek.csproj", "{3FD0AF01-6E4B-4748-82BA-ACE97303E057}"
EndProject
Global
	GlobalSection(SolutionConfigurationPlatforms) = preSolution
		Debug|Any CPU = Debug|Any CPU
		Release|Any CPU = Release|Any CPU
	EndGlobalSection
	GlobalSection(ProjectConfigurationPlatforms) = postSolution
		{3FD0AF01-6E4B-4748-82BA-ACE97303E057}.Debug|Any CPU.ActiveCfg = Debug|Any CPU
		{3FD0AF01-6E4B-4748-82BA-ACE97303E057}.Debug|Any CPU.Build.0 = Debug|Any CPU
		{3FD0AF01-6E4B-4748-82BA-ACE97303E057}.Release|Any CPU.ActiveCfg = Release|Any CPU
		{3FD0AF01-6E4B-4748-82BA-ACE97303E057}.Release|Any CPU.Build.0 = Release|Any CPU
	EndGlobalSection
	GlobalSection(SolutionProperties) = preSolution
		HideSolutionNode = FALSE
	EndGlobalSection
	GlobalSection(ExtensibilityGlobals) = postSolution
		SolutionGuid = {912261F6-DC4A-4B2B-96FC-4652063BAF6F}
	EndGlobalSection
EndGlobal
